lockfileVersion: '6.0'

settings:
  autoInstallPeers: true
  excludeLinksFromLockfile: false

dependencies:
  bcrypt:
    specifier: 5.1.1
    version: 5.1.1
  sharp:
    specifier: 0.32.6
    version: 0.32.6
  lodash:
    specifier: 4.17.21
    version: 4.17.21

packages:

  /@mapbox/node-pre-gyp@1.0.11:
    resolution: {integrity: sha512-Yhlar6v9WQgUp/He7BdgzOz8lqMQ8sU+jkCq7Wx8Myc5YFJLbEe7lgui/V7G1qB1DJykHSGwreceSaD60Y0PUQ==}
    hasBin: true
    dev: false

  /bcrypt@5.1.1:
    resolution: {integrity: sha512-AGBHOG5hPYZ5Xl9KXzU5iKq9516yEmvCKDg3ecP5kX2aB6UqTeXZxk2ELnDgDm6BQSMlLt9rDB4LoSMx0rYwww==}
    engines: {node: '>= 10.0.0'}
    requiresBuild: true
    dependencies:
      '@mapbox/node-pre-gyp': 1.0.11
      node-addon-api: 5.1.0
    dev: false

  /lodash@4.17.21:
    resolution: {integrity: sha512-v2kDEe57lecTulaDIuNTPy3Ry4gLGJ6Z1O3vE1krgXZNrsQ+LFTGHVxVjcXPs17LhbZVGedAJv8XZ1tvj5FvSg==}
    dev: false

  /node-addon-api@5.1.0:
    resolution: {integrity: sha512-eh0GgfEkpnoWDq+VY8OyvYhFEzBk6jIYbRKdIlyTiAXIVJ8PyBaKb0rp7oDtoddbdoHWhq8wwr+XZ81F1rpNdA==}
    dev: false

  /sharp@0.32.6:
    resolution: {integrity: sha512-KyLTWwgcR9Oe4d9HwCwNM2l7+J0dUQwn/yf7S0EnTtb0eVS4RxO0eUSvxPtzT4F3SY+C4K6fqdv/DO27sJ/v/w==}
    engines: {node: '>=14.15.0'}
    requiresBuild: true
    dependencies:
      '@mapbox/node-pre-gyp': 1.0.11
      node-addon-api: 5.1.0
    dev: false
